// !$*UTF8*$!
{
	archiveVersion = 1;
	classes = {
	};
	objectVersion = 51;
	objects = {

/* Begin PBXBuildFile section */
		219B5A3E956D5825DCA62863 /* Pods_LearningApp.framework in Frameworks */ = {isa = PBXBuildFile; fileRef = 784603BC84C09AAC76A9CB72 /* Pods_LearningApp.framework */; };
		3425541A26C94B54004BAE1F /* GoogleService-Info.plist in Resources */ = {isa = PBXBuildFile; fileRef = 3425541926C94B54004BAE1F /* GoogleService-Info.plist */; };
		34A892B726D1780E0051383A /* LoginView.swift in Sources */ = {isa = PBXBuildFile; fileRef = 34A892B626D1780E0051383A /* LoginView.swift */; };
		34A892B926D1783F0051383A /* ProfileView.swift in Sources */ = {isa = PBXBuildFile; fileRef = 34A892B826D1783F0051383A /* ProfileView.swift */; };
		34A892BB26D178490051383A /* LaunchView.swift in Sources */ = {isa = PBXBuildFile; fileRef = 34A892BA26D178490051383A /* LaunchView.swift */; };
		34BF4D9E26BE207600ECC4E7 /* CodeTextView.swift in Sources */ = {isa = PBXBuildFile; fileRef = 34BF4D9D26BE207600ECC4E7 /* CodeTextView.swift */; };
		34BF4DF926BEFD4300ECC4E7 /* TestView.swift in Sources */ = {isa = PBXBuildFile; fileRef = 34BF4DF826BEFD4300ECC4E7 /* TestView.swift */; };
		34D7F91026BF72F700DA8E96 /* TestResultsView.swift in Sources */ = {isa = PBXBuildFile; fileRef = 34D7F90F26BF72F700DA8E96 /* TestResultsView.swift */; };
		34E1A73626BCA712004114AD /* LearningApp.swift in Sources */ = {isa = PBXBuildFile; fileRef = 34E1A73526BCA712004114AD /* LearningApp.swift */; };
		34E1A73826BCA712004114AD /* HomeView.swift in Sources */ = {isa = PBXBuildFile; fileRef = 34E1A73726BCA712004114AD /* HomeView.swift */; };
		34E1A73A26BCA714004114AD /* Assets.xcassets in Resources */ = {isa = PBXBuildFile; fileRef = 34E1A73926BCA714004114AD /* Assets.xcassets */; };
		34E1A73D26BCA714004114AD /* Preview Assets.xcassets in Resources */ = {isa = PBXBuildFile; fileRef = 34E1A73C26BCA714004114AD /* Preview Assets.xcassets */; };
		34E1A74A26BCA854004114AD /* ContentModel.swift in Sources */ = {isa = PBXBuildFile; fileRef = 34E1A74926BCA854004114AD /* ContentModel.swift */; };
		34E1A74D26BCAAB0004114AD /* style.html in Resources */ = {isa = PBXBuildFile; fileRef = 34E1A74B26BCAAAF004114AD /* style.html */; };
		34E1A74E26BCAAB0004114AD /* data.json in Resources */ = {isa = PBXBuildFile; fileRef = 34E1A74C26BCAAB0004114AD /* data.json */; };
		34E1A75026BCCAB7004114AD /* Models.swift in Sources */ = {isa = PBXBuildFile; fileRef = 34E1A74F26BCCAB7004114AD /* Models.swift */; };
		34E1A75226BD42DB004114AD /* HomeViewRow.swift in Sources */ = {isa = PBXBuildFile; fileRef = 34E1A75126BD42DB004114AD /* HomeViewRow.swift */; };
		34E1A75426BD4921004114AD /* ContentView.swift in Sources */ = {isa = PBXBuildFile; fileRef = 34E1A75326BD4921004114AD /* ContentView.swift */; };
		34E1A75626BD575B004114AD /* ContentViewRow.swift in Sources */ = {isa = PBXBuildFile; fileRef = 34E1A75526BD575B004114AD /* ContentViewRow.swift */; };
		34E1A75826BD5AAB004114AD /* ContentDetailView.swift in Sources */ = {isa = PBXBuildFile; fileRef = 34E1A75726BD5AAB004114AD /* ContentDetailView.swift */; };
		34E1A75B26BD5E20004114AD /* AVKit.framework in Frameworks */ = {isa = PBXBuildFile; fileRef = 34E1A75A26BD5E20004114AD /* AVKit.framework */; };
		34E1A75D26BD8186004114AD /* Constants.swift in Sources */ = {isa = PBXBuildFile; fileRef = 34E1A75C26BD8186004114AD /* Constants.swift */; };
		34E1A75F26BD9B9E004114AD /* ButtonView.swift in Sources */ = {isa = PBXBuildFile; fileRef = 34E1A75E26BD9B9E004114AD /* ButtonView.swift */; };
		34E51EE726D278A0005D81C5 /* UserService.swift in Sources */ = {isa = PBXBuildFile; fileRef = 34E51EE626D278A0005D81C5 /* UserService.swift */; };
		34E51EE926E4D456005D81C5 /* ResumeView.swift in Sources */ = {isa = PBXBuildFile; fileRef = 34E51EE826E4D456005D81C5 /* ResumeView.swift */; };
/* End PBXBuildFile section */

/* Begin PBXFileReference section */
		3425541926C94B54004BAE1F /* GoogleService-Info.plist */ = {isa = PBXFileReference; fileEncoding = 4; lastKnownFileType = text.plist.xml; path = "GoogleService-Info.plist"; sourceTree = "<group>"; };
		34A892B626D1780E0051383A /* LoginView.swift */ = {isa = PBXFileReference; lastKnownFileType = sourcecode.swift; path = LoginView.swift; sourceTree = "<group>"; };
		34A892B826D1783F0051383A /* ProfileView.swift */ = {isa = PBXFileReference; lastKnownFileType = sourcecode.swift; path = ProfileView.swift; sourceTree = "<group>"; };
		34A892BA26D178490051383A /* LaunchView.swift */ = {isa = PBXFileReference; lastKnownFileType = sourcecode.swift; path = LaunchView.swift; sourceTree = "<group>"; };
		34BF4D9D26BE207600ECC4E7 /* CodeTextView.swift */ = {isa = PBXFileReference; lastKnownFileType = sourcecode.swift; path = CodeTextView.swift; sourceTree = "<group>"; };
		34BF4DF826BEFD4300ECC4E7 /* TestView.swift */ = {isa = PBXFileReference; lastKnownFileType = sourcecode.swift; path = TestView.swift; sourceTree = "<group>"; };
		34D7F90F26BF72F700DA8E96 /* TestResultsView.swift */ = {isa = PBXFileReference; lastKnownFileType = sourcecode.swift; path = TestResultsView.swift; sourceTree = "<group>"; };
		34E1A73226BCA712004114AD /* LearningApp.app */ = {isa = PBXFileReference; explicitFileType = wrapper.application; includeInIndex = 0; path = LearningApp.app; sourceTree = BUILT_PRODUCTS_DIR; };
		34E1A73526BCA712004114AD /* LearningApp.swift */ = {isa = PBXFileReference; lastKnownFileType = sourcecode.swift; path = LearningApp.swift; sourceTree = "<group>"; };
		34E1A73726BCA712004114AD /* HomeView.swift */ = {isa = PBXFileReference; lastKnownFileType = sourcecode.swift; path = HomeView.swift; sourceTree = "<group>"; };
		34E1A73926BCA714004114AD /* Assets.xcassets */ = {isa = PBXFileReference; lastKnownFileType = folder.assetcatalog; path = Assets.xcassets; sourceTree = "<group>"; };
		34E1A73C26BCA714004114AD /* Preview Assets.xcassets */ = {isa = PBXFileReference; lastKnownFileType = folder.assetcatalog; path = "Preview Assets.xcassets"; sourceTree = "<group>"; };
		34E1A73E26BCA714004114AD /* Info.plist */ = {isa = PBXFileReference; lastKnownFileType = text.plist.xml; path = Info.plist; sourceTree = "<group>"; };
		34E1A74926BCA854004114AD /* ContentModel.swift */ = {isa = PBXFileReference; lastKnownFileType = sourcecode.swift; path = ContentModel.swift; sourceTree = "<group>"; };
		34E1A74B26BCAAAF004114AD /* style.html */ = {isa = PBXFileReference; fileEncoding = 4; lastKnownFileType = text.html; path = style.html; sourceTree = "<group>"; };
		34E1A74C26BCAAB0004114AD /* data.json */ = {isa = PBXFileReference; fileEncoding = 4; lastKnownFileType = text.json; path = data.json; sourceTree = "<group>"; };
		34E1A74F26BCCAB7004114AD /* Models.swift */ = {isa = PBXFileReference; lastKnownFileType = sourcecode.swift; path = Models.swift; sourceTree = "<group>"; };
		34E1A75126BD42DB004114AD /* HomeViewRow.swift */ = {isa = PBXFileReference; lastKnownFileType = sourcecode.swift; path = HomeViewRow.swift; sourceTree = "<group>"; };
		34E1A75326BD4921004114AD /* ContentView.swift */ = {isa = PBXFileReference; lastKnownFileType = sourcecode.swift; path = ContentView.swift; sourceTree = "<group>"; };
		34E1A75526BD575B004114AD /* ContentViewRow.swift */ = {isa = PBXFileReference; lastKnownFileType = sourcecode.swift; path = ContentViewRow.swift; sourceTree = "<group>"; };
		34E1A75726BD5AAB004114AD /* ContentDetailView.swift */ = {isa = PBXFileReference; lastKnownFileType = sourcecode.swift; path = ContentDetailView.swift; sourceTree = "<group>"; };
		34E1A75A26BD5E20004114AD /* AVKit.framework */ = {isa = PBXFileReference; lastKnownFileType = wrapper.framework; name = AVKit.framework; path = System/Library/Frameworks/AVKit.framework; sourceTree = SDKROOT; };
		34E1A75C26BD8186004114AD /* Constants.swift */ = {isa = PBXFileReference; lastKnownFileType = sourcecode.swift; path = Constants.swift; sourceTree = "<group>"; };
		34E1A75E26BD9B9E004114AD /* ButtonView.swift */ = {isa = PBXFileReference; lastKnownFileType = sourcecode.swift; path = ButtonView.swift; sourceTree = "<group>"; };
		34E51EE626D278A0005D81C5 /* UserService.swift */ = {isa = PBXFileReference; lastKnownFileType = sourcecode.swift; path = UserService.swift; sourceTree = "<group>"; };
		34E51EE826E4D456005D81C5 /* ResumeView.swift */ = {isa = PBXFileReference; lastKnownFileType = sourcecode.swift; path = ResumeView.swift; sourceTree = "<group>"; };
		784603BC84C09AAC76A9CB72 /* Pods_LearningApp.framework */ = {isa = PBXFileReference; explicitFileType = wrapper.framework; includeInIndex = 0; path = Pods_LearningApp.framework; sourceTree = BUILT_PRODUCTS_DIR; };
		C0CE8F07D21097972C6EA19F /* Pods-LearningApp.release.xcconfig */ = {isa = PBXFileReference; includeInIndex = 1; lastKnownFileType = text.xcconfig; name = "Pods-LearningApp.release.xcconfig"; path = "Target Support Files/Pods-LearningApp/Pods-LearningApp.release.xcconfig"; sourceTree = "<group>"; };
		D94145168FA60CAF56036646 /* Pods-LearningApp.debug.xcconfig */ = {isa = PBXFileReference; includeInIndex = 1; lastKnownFileType = text.xcconfig; name = "Pods-LearningApp.debug.xcconfig"; path = "Target Support Files/Pods-LearningApp/Pods-LearningApp.debug.xcconfig"; sourceTree = "<group>"; };
/* End PBXFileReference section */

/* Begin PBXFrameworksBuildPhase section */
		34E1A72F26BCA712004114AD /* Frameworks */ = {
			isa = PBXFrameworksBuildPhase;
			buildActionMask = 2147483647;
			files = (
				34E1A75B26BD5E20004114AD /* AVKit.framework in Frameworks */,
				219B5A3E956D5825DCA62863 /* Pods_LearningApp.framework in Frameworks */,
			);
			runOnlyForDeploymentPostprocessing = 0;
		};
/* End PBXFrameworksBuildPhase section */

/* Begin PBXGroup section */
		34A892B126D1778B0051383A /* Account */ = {
			isa = PBXGroup;
			children = (
				34A892B626D1780E0051383A /* LoginView.swift */,
				34A892B826D1783F0051383A /* ProfileView.swift */,
			);
			path = Account;
			sourceTree = "<group>";
		};
		34A892B226D177910051383A /* Home */ = {
			isa = PBXGroup;
			children = (
				34E1A73726BCA712004114AD /* HomeView.swift */,
				34E1A75126BD42DB004114AD /* HomeViewRow.swift */,
				34E51EE826E4D456005D81C5 /* ResumeView.swift */,
			);
			path = Home;
			sourceTree = "<group>";
		};
		34A892B326D1779A0051383A /* Lesson */ = {
			isa = PBXGroup;
			children = (
				34E1A75326BD4921004114AD /* ContentView.swift */,
				34E1A75526BD575B004114AD /* ContentViewRow.swift */,
				34E1A75726BD5AAB004114AD /* ContentDetailView.swift */,
			);
			path = Lesson;
			sourceTree = "<group>";
		};
		34A892B426D177A00051383A /* Test */ = {
			isa = PBXGroup;
			children = (
				34BF4DF826BEFD4300ECC4E7 /* TestView.swift */,
				34D7F90F26BF72F700DA8E96 /* TestResultsView.swift */,
			);
			path = Test;
			sourceTree = "<group>";
		};
		34A892B526D177AD0051383A /* Common */ = {
			isa = PBXGroup;
			children = (
				34BF4D9D26BE207600ECC4E7 /* CodeTextView.swift */,
				34E1A75E26BD9B9E004114AD /* ButtonView.swift */,
			);
			path = Common;
			sourceTree = "<group>";
		};
		34E1A72926BCA712004114AD = {
			isa = PBXGroup;
			children = (
				34E1A73426BCA712004114AD /* LearningApp */,
				34E1A73326BCA712004114AD /* Products */,
				34E1A75926BD5E20004114AD /* Frameworks */,
				74BA8B319410ACE2F0C48FEA /* Pods */,
			);
			sourceTree = "<group>";
		};
		34E1A73326BCA712004114AD /* Products */ = {
			isa = PBXGroup;
			children = (
				34E1A73226BCA712004114AD /* LearningApp.app */,
			);
			name = Products;
			sourceTree = "<group>";
		};
		34E1A73426BCA712004114AD /* LearningApp */ = {
			isa = PBXGroup;
			children = (
				34E1A73526BCA712004114AD /* LearningApp.swift */,
				34E1A74426BCA7CD004114AD /* Views */,
				34E1A74526BCA7D3004114AD /* ViewModels */,
				34E1A74626BCA7DA004114AD /* Models */,
				34E1A74726BCA7E0004114AD /* Resources */,
				34E1A74826BCA7F6004114AD /* Helpers */,
				34E1A73926BCA714004114AD /* Assets.xcassets */,
				3425541926C94B54004BAE1F /* GoogleService-Info.plist */,
				34E1A73E26BCA714004114AD /* Info.plist */,
				34E1A73B26BCA714004114AD /* Preview Content */,
			);
			path = LearningApp;
			sourceTree = "<group>";
		};
		34E1A73B26BCA714004114AD /* Preview Content */ = {
			isa = PBXGroup;
			children = (
				34E1A73C26BCA714004114AD /* Preview Assets.xcassets */,
			);
			path = "Preview Content";
			sourceTree = "<group>";
		};
		34E1A74426BCA7CD004114AD /* Views */ = {
			isa = PBXGroup;
			children = (
				34A892BA26D178490051383A /* LaunchView.swift */,
				34A892B526D177AD0051383A /* Common */,
				34A892B426D177A00051383A /* Test */,
				34A892B326D1779A0051383A /* Lesson */,
				34A892B226D177910051383A /* Home */,
				34A892B126D1778B0051383A /* Account */,
			);
			path = Views;
			sourceTree = "<group>";
		};
		34E1A74526BCA7D3004114AD /* ViewModels */ = {
			isa = PBXGroup;
			children = (
				34E1A74926BCA854004114AD /* ContentModel.swift */,
			);
			path = ViewModels;
			sourceTree = "<group>";
		};
		34E1A74626BCA7DA004114AD /* Models */ = {
			isa = PBXGroup;
			children = (
				34E1A74F26BCCAB7004114AD /* Models.swift */,
			);
			path = Models;
			sourceTree = "<group>";
		};
		34E1A74726BCA7E0004114AD /* Resources */ = {
			isa = PBXGroup;
			children = (
				34E1A74C26BCAAB0004114AD /* data.json */,
				34E1A74B26BCAAAF004114AD /* style.html */,
			);
			path = Resources;
			sourceTree = "<group>";
		};
		34E1A74826BCA7F6004114AD /* Helpers */ = {
			isa = PBXGroup;
			children = (
				34E1A75C26BD8186004114AD /* Constants.swift */,
				34E51EE626D278A0005D81C5 /* UserService.swift */,
			);
			path = Helpers;
			sourceTree = "<group>";
		};
		34E1A75926BD5E20004114AD /* Frameworks */ = {
			isa = PBXGroup;
			children = (
				34E1A75A26BD5E20004114AD /* AVKit.framework */,
				784603BC84C09AAC76A9CB72 /* Pods_LearningApp.framework */,
			);
			name = Frameworks;
			sourceTree = "<group>";
		};
		74BA8B319410ACE2F0C48FEA /* Pods */ = {
			isa = PBXGroup;
			children = (
				D94145168FA60CAF56036646 /* Pods-LearningApp.debug.xcconfig */,
				C0CE8F07D21097972C6EA19F /* Pods-LearningApp.release.xcconfig */,
			);
			path = Pods;
			sourceTree = "<group>";
		};
/* End PBXGroup section */

/* Begin PBXNativeTarget section */
		34E1A73126BCA712004114AD /* LearningApp */ = {
			isa = PBXNativeTarget;
			buildConfigurationList = 34E1A74126BCA714004114AD /* Build configuration list for PBXNativeTarget "LearningApp" */;
			buildPhases = (
				6C59A3B8729141E74C038228 /* [CP] Check Pods Manifest.lock */,
				34E1A72E26BCA712004114AD /* Sources */,
				34E1A72F26BCA712004114AD /* Frameworks */,
				34E1A73026BCA712004114AD /* Resources */,
				FCB18FF85AD1F07913D052DD /* [CP] Embed Pods Frameworks */,
			);
			buildRules = (
			);
			dependencies = (
			);
			name = LearningApp;
			productName = LearningApp;
			productReference = 34E1A73226BCA712004114AD /* LearningApp.app */;
			productType = "com.apple.product-type.application";
		};
/* End PBXNativeTarget section */

/* Begin PBXProject section */
		34E1A72A26BCA712004114AD /* Project object */ = {
			isa = PBXProject;
			attributes = {
				LastSwiftUpdateCheck = 1250;
				LastUpgradeCheck = 1250;
				TargetAttributes = {
					34E1A73126BCA712004114AD = {
						CreatedOnToolsVersion = 12.5.1;
					};
				};
			};
			buildConfigurationList = 34E1A72D26BCA712004114AD /* Build configuration list for PBXProject "LearningApp" */;
			compatibilityVersion = "Xcode 9.3";
			developmentRegion = en;
			hasScannedForEncodings = 0;
			knownRegions = (
				en,
				Base,
			);
			mainGroup = 34E1A72926BCA712004114AD;
			productRefGroup = 34E1A73326BCA712004114AD /* Products */;
			projectDirPath = "";
			projectRoot = "";
			targets = (
				34E1A73126BCA712004114AD /* LearningApp */,
			);
		};
/* End PBXProject section */

/* Begin PBXResourcesBuildPhase section */
		34E1A73026BCA712004114AD /* Resources */ = {
			isa = PBXResourcesBuildPhase;
			buildActionMask = 2147483647;
			files = (
				34E1A74D26BCAAB0004114AD /* style.html in Resources */,
				34E1A73D26BCA714004114AD /* Preview Assets.xcassets in Resources */,
				3425541A26C94B54004BAE1F /* GoogleService-Info.plist in Resources */,
				34E1A73A26BCA714004114AD /* Assets.xcassets in Resources */,
				34E1A74E26BCAAB0004114AD /* data.json in Resources */,
			);
			runOnlyForDeploymentPostprocessing = 0;
		};
/* End PBXResourcesBuildPhase section */

/* Begin PBXShellScriptBuildPhase section */
		6C59A3B8729141E74C038228 /* [CP] Check Pods Manifest.lock */ = {
			isa = PBXShellScriptBuildPhase;
			buildActionMask = 2147483647;
			files = (
			);
			inputFileListPaths = (
			);
			inputPaths = (
				"${PODS_PODFILE_DIR_PATH}/Podfile.lock",
				"${PODS_ROOT}/Manifest.lock",
			);
			name = "[CP] Check Pods Manifest.lock";
			outputFileListPaths = (
			);
			outputPaths = (
				"$(DERIVED_FILE_DIR)/Pods-LearningApp-checkManifestLockResult.txt",
			);
			runOnlyForDeploymentPostprocessing = 0;
			shellPath = /bin/sh;
			shellScript = "diff \"${PODS_PODFILE_DIR_PATH}/Podfile.lock\" \"${PODS_ROOT}/Manifest.lock\" > /dev/null\nif [ $? != 0 ] ; then\n    # print error to STDERR\n    echo \"error: The sandbox is not in sync with the Podfile.lock. Run 'pod install' or update your CocoaPods installation.\" >&2\n    exit 1\nfi\n# This output is used by Xcode 'outputs' to avoid re-running this script phase.\necho \"SUCCESS\" > \"${SCRIPT_OUTPUT_FILE_0}\"\n";
			showEnvVarsInLog = 0;
		};
		FCB18FF85AD1F07913D052DD /* [CP] Embed Pods Frameworks */ = {
			isa = PBXShellScriptBuildPhase;
			buildActionMask = 2147483647;
			files = (
			);
			inputFileListPaths = (
				"${PODS_ROOT}/Target Support Files/Pods-LearningApp/Pods-LearningApp-frameworks-${CONFIGURATION}-input-files.xcfilelist",
			);
			name = "[CP] Embed Pods Frameworks";
			outputFileListPaths = (
				"${PODS_ROOT}/Target Support Files/Pods-LearningApp/Pods-LearningApp-frameworks-${CONFIGURATION}-output-files.xcfilelist",
			);
			runOnlyForDeploymentPostprocessing = 0;
			shellPath = /bin/sh;
			shellScript = "\"${PODS_ROOT}/Target Support Files/Pods-LearningApp/Pods-LearningApp-frameworks.sh\"\n";
			showEnvVarsInLog = 0;
		};
/* End PBXShellScriptBuildPhase section */

/* Begin PBXSourcesBuildPhase section */
		34E1A72E26BCA712004114AD /* Sources */ = {
			isa = PBXSourcesBuildPhase;
			buildActionMask = 2147483647;
			files = (
				34BF4DF926BEFD4300ECC4E7 /* TestView.swift in Sources */,
				34A892BB26D178490051383A /* LaunchView.swift in Sources */,
				34E1A75426BD4921004114AD /* ContentView.swift in Sources */,
				34E1A73826BCA712004114AD /* HomeView.swift in Sources */,
				34E1A75F26BD9B9E004114AD /* ButtonView.swift in Sources */,
				34E1A75226BD42DB004114AD /* HomeViewRow.swift in Sources */,
				34E51EE726D278A0005D81C5 /* UserService.swift in Sources */,
				34E1A75826BD5AAB004114AD /* ContentDetailView.swift in Sources */,
				34E1A73626BCA712004114AD /* LearningApp.swift in Sources */,
				34A892B926D1783F0051383A /* ProfileView.swift in Sources */,
				34E1A75626BD575B004114AD /* ContentViewRow.swift in Sources */,
				34E51EE926E4D456005D81C5 /* ResumeView.swift in Sources */,
				34A892B726D1780E0051383A /* LoginView.swift in Sources */,
				34E1A74A26BCA854004114AD /* ContentModel.swift in Sources */,
				34E1A75026BCCAB7004114AD /* Models.swift in Sources */,
				34D7F91026BF72F700DA8E96 /* TestResultsView.swift in Sources */,
				34E1A75D26BD8186004114AD /* Constants.swift in Sources */,
				34BF4D9E26BE207600ECC4E7 /* CodeTextView.swift in Sources */,
			);
			runOnlyForDeploymentPostprocessing = 0;
		};
/* End PBXSourcesBuildPhase section */

/* Begin XCBuildConfiguration section */
		34E1A73F26BCA714004114AD /* Debug */ = {
			isa = XCBuildConfiguration;
			buildSettings = {
				ALWAYS_SEARCH_USER_PATHS = NO;
				CLANG_ANALYZER_NONNULL = YES;
				CLANG_ANALYZER_NUMBER_OBJECT_CONVERSION = YES_AGGRESSIVE;
				CLANG_CXX_LANGUAGE_STANDARD = "gnu++14";
				CLANG_CXX_LIBRARY = "libc++";
				CLANG_ENABLE_MODULES = YES;
				CLANG_ENABLE_OBJC_ARC = YES;
				CLANG_ENABLE_OBJC_WEAK = YES;
				CLANG_WARN_BLOCK_CAPTURE_AUTORELEASING = YES;
				CLANG_WARN_BOOL_CONVERSION = YES;
				CLANG_WARN_COMMA = YES;
				CLANG_WARN_CONSTANT_CONVERSION = YES;
				CLANG_WARN_DEPRECATED_OBJC_IMPLEMENTATIONS = YES;
				CLANG_WARN_DIRECT_OBJC_ISA_USAGE = YES_ERROR;
				CLANG_WARN_DOCUMENTATION_COMMENTS = YES;
				CLANG_WARN_EMPTY_BODY = YES;
				CLANG_WARN_ENUM_CONVERSION = YES;
				CLANG_WARN_INFINITE_RECURSION = YES;
				CLANG_WARN_INT_CONVERSION = YES;
				CLANG_WARN_NON_LITERAL_NULL_CONVERSION = YES;
				CLANG_WARN_OBJC_IMPLICIT_RETAIN_SELF = YES;
				CLANG_WARN_OBJC_LITERAL_CONVERSION = YES;
				CLANG_WARN_OBJC_ROOT_CLASS = YES_ERROR;
				CLANG_WARN_QUOTED_INCLUDE_IN_FRAMEWORK_HEADER = YES;
				CLANG_WARN_RANGE_LOOP_ANALYSIS = YES;
				CLANG_WARN_STRICT_PROTOTYPES = YES;
				CLANG_WARN_SUSPICIOUS_MOVE = YES;
				CLANG_WARN_UNGUARDED_AVAILABILITY = YES_AGGRESSIVE;
				CLANG_WARN_UNREACHABLE_CODE = YES;
				CLANG_WARN__DUPLICATE_METHOD_MATCH = YES;
				COPY_PHASE_STRIP = NO;
				DEBUG_INFORMATION_FORMAT = dwarf;
				ENABLE_STRICT_OBJC_MSGSEND = YES;
				ENABLE_TESTABILITY = YES;
				GCC_C_LANGUAGE_STANDARD = gnu11;
				GCC_DYNAMIC_NO_PIC = NO;
				GCC_NO_COMMON_BLOCKS = YES;
				GCC_OPTIMIZATION_LEVEL = 0;
				GCC_PREPROCESSOR_DEFINITIONS = (
					"DEBUG=1",
					"$(inherited)",
				);
				GCC_WARN_64_TO_32_BIT_CONVERSION = YES;
				GCC_WARN_ABOUT_RETURN_TYPE = YES_ERROR;
				GCC_WARN_UNDECLARED_SELECTOR = YES;
				GCC_WARN_UNINITIALIZED_AUTOS = YES_AGGRESSIVE;
				GCC_WARN_UNUSED_FUNCTION = YES;
				GCC_WARN_UNUSED_VARIABLE = YES;
				IPHONEOS_DEPLOYMENT_TARGET = 14.5;
				MTL_ENABLE_DEBUG_INFO = INCLUDE_SOURCE;
				MTL_FAST_MATH = YES;
				ONLY_ACTIVE_ARCH = YES;
				SDKROOT = iphoneos;
				SWIFT_ACTIVE_COMPILATION_CONDITIONS = DEBUG;
				SWIFT_OPTIMIZATION_LEVEL = "-Onone";
			};
			name = Debug;
		};
		34E1A74026BCA714004114AD /* Release */ = {
			isa = XCBuildConfiguration;
			buildSettings = {
				ALWAYS_SEARCH_USER_PATHS = NO;
				CLANG_ANALYZER_NONNULL = YES;
				CLANG_ANALYZER_NUMBER_OBJECT_CONVERSION = YES_AGGRESSIVE;
				CLANG_CXX_LANGUAGE_STANDARD = "gnu++14";
				CLANG_CXX_LIBRARY = "libc++";
				CLANG_ENABLE_MODULES = YES;
				CLANG_ENABLE_OBJC_ARC = YES;
				CLANG_ENABLE_OBJC_WEAK = YES;
				CLANG_WARN_BLOCK_CAPTURE_AUTORELEASING = YES;
				CLANG_WARN_BOOL_CONVERSION = YES;
				CLANG_WARN_COMMA = YES;
				CLANG_WARN_CONSTANT_CONVERSION = YES;
				CLANG_WARN_DEPRECATED_OBJC_IMPLEMENTATIONS = YES;
				CLANG_WARN_DIRECT_OBJC_ISA_USAGE = YES_ERROR;
				CLANG_WARN_DOCUMENTATION_COMMENTS = YES;
				CLANG_WARN_EMPTY_BODY = YES;
				CLANG_WARN_ENUM_CONVERSION = YES;
				CLANG_WARN_INFINITE_RECURSION = YES;
				CLANG_WARN_INT_CONVERSION = YES;
				CLANG_WARN_NON_LITERAL_NULL_CONVERSION = YES;
				CLANG_WARN_OBJC_IMPLICIT_RETAIN_SELF = YES;
				CLANG_WARN_OBJC_LITERAL_CONVERSION = YES;
				CLANG_WARN_OBJC_ROOT_CLASS = YES_ERROR;
				CLANG_WARN_QUOTED_INCLUDE_IN_FRAMEWORK_HEADER = YES;
				CLANG_WARN_RANGE_LOOP_ANALYSIS = YES;
				CLANG_WARN_STRICT_PROTOTYPES = YES;
				CLANG_WARN_SUSPICIOUS_MOVE = YES;
				CLANG_WARN_UNGUARDED_AVAILABILITY = YES_AGGRESSIVE;
				CLANG_WARN_UNREACHABLE_CODE = YES;
				CLANG_WARN__DUPLICATE_METHOD_MATCH = YES;
				COPY_PHASE_STRIP = NO;
				DEBUG_INFORMATION_FORMAT = "dwarf-with-dsym";
				ENABLE_NS_ASSERTIONS = NO;
				ENABLE_STRICT_OBJC_MSGSEND = YES;
				GCC_C_LANGUAGE_STANDARD = gnu11;
				GCC_NO_COMMON_BLOCKS = YES;
				GCC_WARN_64_TO_32_BIT_CONVERSION = YES;
				GCC_WARN_ABOUT_RETURN_TYPE = YES_ERROR;
				GCC_WARN_UNDECLARED_SELECTOR = YES;
				GCC_WARN_UNINITIALIZED_AUTOS = YES_AGGRESSIVE;
				GCC_WARN_UNUSED_FUNCTION = YES;
				GCC_WARN_UNUSED_VARIABLE = YES;
				IPHONEOS_DEPLOYMENT_TARGET = 14.5;
				MTL_ENABLE_DEBUG_INFO = NO;
				MTL_FAST_MATH = YES;
				SDKROOT = iphoneos;
				SWIFT_COMPILATION_MODE = wholemodule;
				SWIFT_OPTIMIZATION_LEVEL = "-O";
				VALIDATE_PRODUCT = YES;
			};
			name = Release;
		};
		34E1A74226BCA714004114AD /* Debug */ = {
			isa = XCBuildConfiguration;
			baseConfigurationReference = D94145168FA60CAF56036646 /* Pods-LearningApp.debug.xcconfig */;
			buildSettings = {
				ASSETCATALOG_COMPILER_APPICON_NAME = AppIcon;
				ASSETCATALOG_COMPILER_GLOBAL_ACCENT_COLOR_NAME = AccentColor;
				CODE_SIGN_STYLE = Automatic;
				DEVELOPMENT_ASSET_PATHS = "\"LearningApp/Preview Content\"";
				DEVELOPMENT_TEAM = 3RD7S6RWS8;
				ENABLE_PREVIEWS = YES;
				INFOPLIST_FILE = LearningApp/Info.plist;
				IPHONEOS_DEPLOYMENT_TARGET = 14.0;
				LD_RUNPATH_SEARCH_PATHS = (
					"$(inherited)",
					"@executable_path/Frameworks",
				);
				PRODUCT_BUNDLE_IDENTIFIER = "Hurricane-Software.LearningApp";
				PRODUCT_NAME = "$(TARGET_NAME)";
				SWIFT_VERSION = 5.0;
				TARGETED_DEVICE_FAMILY = "1,2";
			};
			name = Debug;
		};
		34E1A74326BCA714004114AD /* Release */ = {
			isa = XCBuildConfiguration;
			baseConfigurationReference = C0CE8F07D21097972C6EA19F /* Pods-LearningApp.release.xcconfig */;
			buildSettings = {
				ASSETCATALOG_COMPILER_APPICON_NAME = AppIcon;
				ASSETCATALOG_COMPILER_GLOBAL_ACCENT_COLOR_NAME = AccentColor;
				CODE_SIGN_STYLE = Automatic;
				DEVELOPMENT_ASSET_PATHS = "\"LearningApp/Preview Content\"";
				DEVELOPMENT_TEAM = 3RD7S6RWS8;
				ENABLE_PREVIEWS = YES;
				INFOPLIST_FILE = LearningApp/Info.plist;
				IPHONEOS_DEPLOYMENT_TARGET = 14.0;
				LD_RUNPATH_SEARCH_PATHS = (
					"$(inherited)",
					"@executable_path/Frameworks",
				);
				PRODUCT_BUNDLE_IDENTIFIER = "Hurricane-Software.LearningApp";
				PRODUCT_NAME = "$(TARGET_NAME)";
				SWIFT_VERSION = 5.0;
				TARGETED_DEVICE_FAMILY = "1,2";
			};
			name = Release;
		};
/* End XCBuildConfiguration section */

/* Begin XCConfigurationList section */
		34E1A72D26BCA712004114AD /* Build configuration list for PBXProject "LearningApp" */ = {
			isa = XCConfigurationList;
			buildConfigurations = (
				34E1A73F26BCA714004114AD /* Debug */,
				34E1A74026BCA714004114AD /* Release */,
			);
			defaultConfigurationIsVisible = 0;
			defaultConfigurationName = Release;
		};
		34E1A74126BCA714004114AD /* Build configuration list for PBXNativeTarget "LearningApp" */ = {
			isa = XCConfigurationList;
			buildConfigurations = (
				34E1A74226BCA714004114AD /* Debug */,
				34E1A74326BCA714004114AD /* Release */,
			);
			defaultConfigurationIsVisible = 0;
			defaultConfigurationName = Release;
		};
/* End XCConfigurationList section */
	};
	rootObject = 34E1A72A26BCA712004114AD /* Project object */;
}
